// !$*UTF8*$!
{
	archiveVersion = 1;
	classes = {
	};
	objectVersion = 56;
	objects = {

/* Begin PBXBuildFile section */
		F80465672ABF6C8C00379D76 /* LocationModel.swift in Sources */ = {isa = PBXBuildFile; fileRef = F80465662ABF6C8C00379D76 /* LocationModel.swift */; };
		F81B88F92AB1C04400850B88 /* ProductCartView.swift in Sources */ = {isa = PBXBuildFile; fileRef = F81B88F82AB1C04400850B88 /* ProductCartView.swift */; };
		F8206B882A92FD88006B728B /* metalSheetApp.swift in Sources */ = {isa = PBXBuildFile; fileRef = F8206B872A92FD88006B728B /* metalSheetApp.swift */; };
		F8206B8A2A92FD88006B728B /* loginShelfView.swift in Sources */ = {isa = PBXBuildFile; fileRef = F8206B892A92FD88006B728B /* loginShelfView.swift */; };
		F8206B8C2A92FD88006B728B /* Assets.xcassets in Resources */ = {isa = PBXBuildFile; fileRef = F8206B8B2A92FD88006B728B /* Assets.xcassets */; };
		F8206B8F2A92FD88006B728B /* Preview Assets.xcassets in Resources */ = {isa = PBXBuildFile; fileRef = F8206B8E2A92FD88006B728B /* Preview Assets.xcassets */; };
		F8313C172B06979B00618CD7 /* LongStepperFloat.swift in Sources */ = {isa = PBXBuildFile; fileRef = F8313C162B06979B00618CD7 /* LongStepperFloat.swift */; };
		F838E8F12AF78C6700A21513 /* OtpView.swift in Sources */ = {isa = PBXBuildFile; fileRef = F838E8F02AF78C6700A21513 /* OtpView.swift */; };
		F83EC3472AFE258200AC5A5B /* Alamofire in Frameworks */ = {isa = PBXBuildFile; productRef = F83EC3462AFE258200AC5A5B /* Alamofire */; };
		F8414D832B182517005F0608 /* LabelStepperInt.swift in Sources */ = {isa = PBXBuildFile; fileRef = F8414D822B182517005F0608 /* LabelStepperInt.swift */; };
		F857B7E82AF92FDA00C64660 /* CooldwonOtp.swift in Sources */ = {isa = PBXBuildFile; fileRef = F857B7E72AF92FDA00C64660 /* CooldwonOtp.swift */; };
		F86563632AF88C15004633FD /* otpViewModel.swift in Sources */ = {isa = PBXBuildFile; fileRef = F86563622AF88C15004633FD /* otpViewModel.swift */; };
		F88722642B20D8BD003B78E9 /* singInAndRegisterBtnView.swift in Sources */ = {isa = PBXBuildFile; fileRef = F88722632B20D8BD003B78E9 /* singInAndRegisterBtnView.swift */; };
		F88A2FAC2AC41A4C0025F5DC /* NavigationStackController.swift in Sources */ = {isa = PBXBuildFile; fileRef = F88A2FAB2AC41A4C0025F5DC /* NavigationStackController.swift */; };
		F895817B2A9EFECD00973837 /* BasketShelfView.swift in Sources */ = {isa = PBXBuildFile; fileRef = F895817A2A9EFECD00973837 /* BasketShelfView.swift */; };
		F89581892A9F2B5300973837 /* backgroundHomeView.swift in Sources */ = {isa = PBXBuildFile; fileRef = F89581882A9F2B5300973837 /* backgroundHomeView.swift */; };
		F896592D2AE5213A007BA11B /* infoImageModel.swift in Sources */ = {isa = PBXBuildFile; fileRef = F896592C2AE5213A007BA11B /* infoImageModel.swift */; };
		F89659302AE522B1007BA11B /* infoImageViewModel.swift in Sources */ = {isa = PBXBuildFile; fileRef = F896592F2AE522B1007BA11B /* infoImageViewModel.swift */; };
		F897855E2ADFAC420032FE0B /* CustomAlert.swift in Sources */ = {isa = PBXBuildFile; fileRef = F897855D2ADFAC420032FE0B /* CustomAlert.swift */; };
		F897E0062AD18AE90061A92A /* NukeUI in Frameworks */ = {isa = PBXBuildFile; productRef = F897E0052AD18AE90061A92A /* NukeUI */; };
		F89819422AB0C54E0069EDCE /* personalSettingShelfView.swift in Sources */ = {isa = PBXBuildFile; fileRef = F89819412AB0C54E0069EDCE /* personalSettingShelfView.swift */; };
		F89819442AB0C56C0069EDCE /* locationShelfView.swift in Sources */ = {isa = PBXBuildFile; fileRef = F89819432AB0C56C0069EDCE /* locationShelfView.swift */; };
		F89819472AB0CDC30069EDCE /* headerPersonalView.swift in Sources */ = {isa = PBXBuildFile; fileRef = F89819462AB0CDC30069EDCE /* headerPersonalView.swift */; };
		F89819492AB0CDEB0069EDCE /* textfieldPersonalView.swift in Sources */ = {isa = PBXBuildFile; fileRef = F89819482AB0CDEB0069EDCE /* textfieldPersonalView.swift */; };
		F898194D2AB0CF7E0069EDCE /* changePasswordShelfView.swift in Sources */ = {isa = PBXBuildFile; fileRef = F898194C2AB0CF7E0069EDCE /* changePasswordShelfView.swift */; };
		F89819512AB0CFF00069EDCE /* headerPasswordView.swift in Sources */ = {isa = PBXBuildFile; fileRef = F89819502AB0CFF00069EDCE /* headerPasswordView.swift */; };
		F89819532AB0D00B0069EDCE /* textfieldPasswordView.swift in Sources */ = {isa = PBXBuildFile; fileRef = F89819522AB0D00B0069EDCE /* textfieldPasswordView.swift */; };
		F89819552AB0D0230069EDCE /* saveInfoPasswordView.swift in Sources */ = {isa = PBXBuildFile; fileRef = F89819542AB0D0230069EDCE /* saveInfoPasswordView.swift */; };
		F89819572AB0D35B0069EDCE /* headerLocationView.swift in Sources */ = {isa = PBXBuildFile; fileRef = F89819562AB0D35B0069EDCE /* headerLocationView.swift */; };
		F89819592AB0D3A40069EDCE /* AddListRowView.swift in Sources */ = {isa = PBXBuildFile; fileRef = F89819582AB0D3A40069EDCE /* AddListRowView.swift */; };
		F898195B2AB0D6100069EDCE /* addLocationView.swift in Sources */ = {isa = PBXBuildFile; fileRef = F898195A2AB0D6100069EDCE /* addLocationView.swift */; };
		F898195D2AB0DF950069EDCE /* addNewlocationView.swift in Sources */ = {isa = PBXBuildFile; fileRef = F898195C2AB0DF950069EDCE /* addNewlocationView.swift */; };
		F89888372A9B29A7008ED3FB /* registerButtonInLoginView.swift in Sources */ = {isa = PBXBuildFile; fileRef = F89888362A9B29A7008ED3FB /* registerButtonInLoginView.swift */; };
		F898883C2A9B331E008ED3FB /* homeShelfView.swift in Sources */ = {isa = PBXBuildFile; fileRef = F898883B2A9B331E008ED3FB /* homeShelfView.swift */; };
		F898883F2A9B36CC008ED3FB /* headerView.swift in Sources */ = {isa = PBXBuildFile; fileRef = F898883E2A9B36CC008ED3FB /* headerView.swift */; };
		F89938A42AB233B700A4AA2C /* DescriptionView.swift in Sources */ = {isa = PBXBuildFile; fileRef = F89938A32AB233B700A4AA2C /* DescriptionView.swift */; };
		F89938A62AB2343B00A4AA2C /* ColorDotView.swift in Sources */ = {isa = PBXBuildFile; fileRef = F89938A52AB2343B00A4AA2C /* ColorDotView.swift */; };
		F89938A82AB234F500A4AA2C /* FooterAddProductToCartView.swift in Sources */ = {isa = PBXBuildFile; fileRef = F89938A72AB234F500A4AA2C /* FooterAddProductToCartView.swift */; };
		F89938AC2AB240CC00A4AA2C /* CategoryView.swift in Sources */ = {isa = PBXBuildFile; fileRef = F89938AB2AB240CC00A4AA2C /* CategoryView.swift */; };
		F89B40A02AA794010020EFD7 /* MapCard.swift in Sources */ = {isa = PBXBuildFile; fileRef = F89B409F2AA794010020EFD7 /* MapCard.swift */; };
		F89B40A22AA795E40020EFD7 /* MapCardViewModel.swift in Sources */ = {isa = PBXBuildFile; fileRef = F89B40A12AA795E40020EFD7 /* MapCardViewModel.swift */; };
		F89B80092A984B5A000FE241 /* registerShlefView.swift in Sources */ = {isa = PBXBuildFile; fileRef = F89B80082A984B5A000FE241 /* registerShlefView.swift */; };
		F89BD00F2AB18ACB006D099C /* forLoopSettingBtnView.swift in Sources */ = {isa = PBXBuildFile; fileRef = F89BD00E2AB18ACB006D099C /* forLoopSettingBtnView.swift */; };
		F89BD0112AB18BA8006D099C /* signOutBtnView.swift in Sources */ = {isa = PBXBuildFile; fileRef = F89BD0102AB18BA8006D099C /* signOutBtnView.swift */; };
		F89F12AE2ACF392E00912492 /* ResetPasswordModel.swift in Sources */ = {isa = PBXBuildFile; fileRef = F89F12AD2ACF392E00912492 /* ResetPasswordModel.swift */; };
		F89F12B02ACF395A00912492 /* ResetPasswordViewModel.swift in Sources */ = {isa = PBXBuildFile; fileRef = F89F12AF2ACF395A00912492 /* ResetPasswordViewModel.swift */; };
		F8A19C642AB9718B0007E4AE /* buttonCartView.swift in Sources */ = {isa = PBXBuildFile; fileRef = F8A19C632AB9718B0007E4AE /* buttonCartView.swift */; };
		F8A1BDF02AA84173005FA5AE /* TabBarViewModel.swift in Sources */ = {isa = PBXBuildFile; fileRef = F8A1BDEF2AA84173005FA5AE /* TabBarViewModel.swift */; };
		F8A1BDF32AA84203005FA5AE /* TabBarModel.swift in Sources */ = {isa = PBXBuildFile; fileRef = F8A1BDF22AA84203005FA5AE /* TabBarModel.swift */; };
		F8A2682D2AAC399900F5E97A /* CartModel.swift in Sources */ = {isa = PBXBuildFile; fileRef = F8A2682C2AAC399900F5E97A /* CartModel.swift */; };
		F8A2682F2AAC39A900F5E97A /* CartViewModel.swift in Sources */ = {isa = PBXBuildFile; fileRef = F8A2682E2AAC39A900F5E97A /* CartViewModel.swift */; };
		F8A425542AAD9DC800D4CE99 /* SplashScreenView.swift in Sources */ = {isa = PBXBuildFile; fileRef = F8A425532AAD9DC800D4CE99 /* SplashScreenView.swift */; };
		F8A425572AADAF0800D4CE99 /* profileModel.swift in Sources */ = {isa = PBXBuildFile; fileRef = F8A425562AADAF0800D4CE99 /* profileModel.swift */; };
		F8A425592AADAF2100D4CE99 /* profileViewModel.swift in Sources */ = {isa = PBXBuildFile; fileRef = F8A425582AADAF2100D4CE99 /* profileViewModel.swift */; };
		F8A69F7A2AE30567003BE8F2 /* LineButton.swift in Sources */ = {isa = PBXBuildFile; fileRef = F8A69F792AE30567003BE8F2 /* LineButton.swift */; };
		F8A8E9C92ABF61F700476FBB /* ListRowView.swift in Sources */ = {isa = PBXBuildFile; fileRef = F8A8E9C82ABF61F700476FBB /* ListRowView.swift */; };
		F8A909612ACB1B0700BD1021 /* loginModel.swift in Sources */ = {isa = PBXBuildFile; fileRef = F8A909602ACB1B0700BD1021 /* loginModel.swift */; };
		F8A909632ACB1B1500BD1021 /* loginViewModel.swift in Sources */ = {isa = PBXBuildFile; fileRef = F8A909622ACB1B1500BD1021 /* loginViewModel.swift */; };
		F8A9D8382AC1AFEF00D73683 /* orderView.swift in Sources */ = {isa = PBXBuildFile; fileRef = F8A9D8372AC1AFEF00D73683 /* orderView.swift */; };
		F8AA49C62AD7DEB100B840F5 /* PersonalModel.swift in Sources */ = {isa = PBXBuildFile; fileRef = F8AA49C52AD7DEB100B840F5 /* PersonalModel.swift */; };
		F8AA49C92AD7DEC500B840F5 /* PersonalViewModel.swift in Sources */ = {isa = PBXBuildFile; fileRef = F8AA49C82AD7DEC500B840F5 /* PersonalViewModel.swift */; };
		F8AA49CC2AD7DF0B00B840F5 /* PersonalButton.swift in Sources */ = {isa = PBXBuildFile; fileRef = F8AA49CB2AD7DF0B00B840F5 /* PersonalButton.swift */; };
		F8ACD0062A99CBF30050A7BE /* textfieldView.swift in Sources */ = {isa = PBXBuildFile; fileRef = F8ACD0052A99CBF30050A7BE /* textfieldView.swift */; };
		F8ACD0082A99CCA10050A7BE /* checkboxView.swift in Sources */ = {isa = PBXBuildFile; fileRef = F8ACD0072A99CCA10050A7BE /* checkboxView.swift */; };
		F8ACD00A2A99CDAD0050A7BE /* registerButtonView.swift in Sources */ = {isa = PBXBuildFile; fileRef = F8ACD0092A99CDAD0050A7BE /* registerButtonView.swift */; };
		F8ACD00C2A99D5900050A7BE /* textfieldLoginView.swift in Sources */ = {isa = PBXBuildFile; fileRef = F8ACD00B2A99D5900050A7BE /* textfieldLoginView.swift */; };
		F8ACD00E2A99D68E0050A7BE /* loginButtonView.swift in Sources */ = {isa = PBXBuildFile; fileRef = F8ACD00D2A99D68E0050A7BE /* loginButtonView.swift */; };
		F8AE46C72ABFEB2500D7D5B3 /* LocationViewModel.swift in Sources */ = {isa = PBXBuildFile; fileRef = F8AE46C62ABFEB2500D7D5B3 /* LocationViewModel.swift */; };
		F8B057912AA74C7500E9A0B8 /* AllView.swift in Sources */ = {isa = PBXBuildFile; fileRef = F8B057902AA74C7500E9A0B8 /* AllView.swift */; };
		F8B15E382AB8C01800B4C9A5 /* AddProductHistoryView.swift in Sources */ = {isa = PBXBuildFile; fileRef = F8B15E372AB8C01800B4C9A5 /* AddProductHistoryView.swift */; };
		F8B15E3D2AB8D93800B4C9A5 /* AddProductViewModel.swift in Sources */ = {isa = PBXBuildFile; fileRef = F8B15E3C2AB8D93800B4C9A5 /* AddProductViewModel.swift */; };
		F8B1BAAF2AA9B6D10072037E /* btnView.swift in Sources */ = {isa = PBXBuildFile; fileRef = F8B1BAAE2AA9B6D10072037E /* btnView.swift */; };
		F8B1BAB32AA9C2740072037E /* settingView.swift in Sources */ = {isa = PBXBuildFile; fileRef = F8B1BAB22AA9C2740072037E /* settingView.swift */; };
		F8B4A88D2AA1815200C76587 /* profileSettingShelfView.swift in Sources */ = {isa = PBXBuildFile; fileRef = F8B4A88C2AA1815200C76587 /* profileSettingShelfView.swift */; };
		F8B4A8912AA18AED00C76587 /* infoImageView2.swift in Sources */ = {isa = PBXBuildFile; fileRef = F8B4A8902AA18AED00C76587 /* infoImageView2.swift */; };
		F8B4A8932AA1918900C76587 /* TabBar.swift in Sources */ = {isa = PBXBuildFile; fileRef = F8B4A8922AA1918900C76587 /* TabBar.swift */; };
		F8B5608F2AB9B616001213B7 /* ProductHistoryRowView.swift in Sources */ = {isa = PBXBuildFile; fileRef = F8B5608E2AB9B616001213B7 /* ProductHistoryRowView.swift */; };
		F8BAFA442AD95AC00045131D /* OrderModel.swift in Sources */ = {isa = PBXBuildFile; fileRef = F8BAFA432AD95AC00045131D /* OrderModel.swift */; };
		F8BAFA462AD95AD00045131D /* OrderViewModel.swift in Sources */ = {isa = PBXBuildFile; fileRef = F8BAFA452AD95AD00045131D /* OrderViewModel.swift */; };
		F8BF91302AAABB4F0071F2F3 /* productSingleView.swift in Sources */ = {isa = PBXBuildFile; fileRef = F8BF912F2AAABB4F0071F2F3 /* productSingleView.swift */; };
		F8FF7C4D2AC95C7200B27D3D /* ObjectMapper in Frameworks */ = {isa = PBXBuildFile; productRef = F8FF7C4C2AC95C7200B27D3D /* ObjectMapper */; };
		F8FF7C502AC95C9F00B27D3D /* Alamofire in Frameworks */ = {isa = PBXBuildFile; productRef = F8FF7C4F2AC95C9F00B27D3D /* Alamofire */; };
		F8FF7C522AC95CB800B27D3D /* RegisterModel.swift in Sources */ = {isa = PBXBuildFile; fileRef = F8FF7C512AC95CB800B27D3D /* RegisterModel.swift */; };
		F8FF7C552AC95CD900B27D3D /* registerViewModel.swift in Sources */ = {isa = PBXBuildFile; fileRef = F8FF7C542AC95CD900B27D3D /* registerViewModel.swift */; };
/* End PBXBuildFile section */

/* Begin PBXFileReference section */
		F80465662ABF6C8C00379D76 /* LocationModel.swift */ = {isa = PBXFileReference; lastKnownFileType = sourcecode.swift; path = LocationModel.swift; sourceTree = "<group>"; };
		F81B88F82AB1C04400850B88 /* ProductCartView.swift */ = {isa = PBXFileReference; lastKnownFileType = sourcecode.swift; path = ProductCartView.swift; sourceTree = "<group>"; };
		F8206B842A92FD88006B728B /* metalSheet.app */ = {isa = PBXFileReference; explicitFileType = wrapper.application; includeInIndex = 0; path = metalSheet.app; sourceTree = BUILT_PRODUCTS_DIR; };
		F8206B872A92FD88006B728B /* metalSheetApp.swift */ = {isa = PBXFileReference; lastKnownFileType = sourcecode.swift; path = metalSheetApp.swift; sourceTree = "<group>"; };
		F8206B892A92FD88006B728B /* loginShelfView.swift */ = {isa = PBXFileReference; lastKnownFileType = sourcecode.swift; path = loginShelfView.swift; sourceTree = "<group>"; };
		F8206B8B2A92FD88006B728B /* Assets.xcassets */ = {isa = PBXFileReference; lastKnownFileType = folder.assetcatalog; path = Assets.xcassets; sourceTree = "<group>"; };
		F8206B8E2A92FD88006B728B /* Preview Assets.xcassets */ = {isa = PBXFileReference; lastKnownFileType = folder.assetcatalog; path = "Preview Assets.xcassets"; sourceTree = "<group>"; };
		F8313C162B06979B00618CD7 /* LongStepperFloat.swift */ = {isa = PBXFileReference; lastKnownFileType = sourcecode.swift; path = LongStepperFloat.swift; sourceTree = "<group>"; };
		F838E8F02AF78C6700A21513 /* OtpView.swift */ = {isa = PBXFileReference; lastKnownFileType = sourcecode.swift; path = OtpView.swift; sourceTree = "<group>"; };
		F8414D822B182517005F0608 /* LabelStepperInt.swift */ = {isa = PBXFileReference; lastKnownFileType = sourcecode.swift; path = LabelStepperInt.swift; sourceTree = "<group>"; };
		F857B7E72AF92FDA00C64660 /* CooldwonOtp.swift */ = {isa = PBXFileReference; lastKnownFileType = sourcecode.swift; path = CooldwonOtp.swift; sourceTree = "<group>"; };
		F86563622AF88C15004633FD /* otpViewModel.swift */ = {isa = PBXFileReference; lastKnownFileType = sourcecode.swift; path = otpViewModel.swift; sourceTree = "<group>"; };
		F88722632B20D8BD003B78E9 /* singInAndRegisterBtnView.swift */ = {isa = PBXFileReference; lastKnownFileType = sourcecode.swift; path = singInAndRegisterBtnView.swift; sourceTree = "<group>"; };
		F88A2FAB2AC41A4C0025F5DC /* NavigationStackController.swift */ = {isa = PBXFileReference; lastKnownFileType = sourcecode.swift; path = NavigationStackController.swift; sourceTree = "<group>"; };
		F895817A2A9EFECD00973837 /* BasketShelfView.swift */ = {isa = PBXFileReference; lastKnownFileType = sourcecode.swift; path = BasketShelfView.swift; sourceTree = "<group>"; };
		F89581882A9F2B5300973837 /* backgroundHomeView.swift */ = {isa = PBXFileReference; lastKnownFileType = sourcecode.swift; path = backgroundHomeView.swift; sourceTree = "<group>"; };
		F896592C2AE5213A007BA11B /* infoImageModel.swift */ = {isa = PBXFileReference; lastKnownFileType = sourcecode.swift; path = infoImageModel.swift; sourceTree = "<group>"; };
		F896592F2AE522B1007BA11B /* infoImageViewModel.swift */ = {isa = PBXFileReference; lastKnownFileType = sourcecode.swift; path = infoImageViewModel.swift; sourceTree = "<group>"; };
		F897855D2ADFAC420032FE0B /* CustomAlert.swift */ = {isa = PBXFileReference; lastKnownFileType = sourcecode.swift; path = CustomAlert.swift; sourceTree = "<group>"; };
		F89819412AB0C54E0069EDCE /* personalSettingShelfView.swift */ = {isa = PBXFileReference; lastKnownFileType = sourcecode.swift; path = personalSettingShelfView.swift; sourceTree = "<group>"; };
		F89819432AB0C56C0069EDCE /* locationShelfView.swift */ = {isa = PBXFileReference; lastKnownFileType = sourcecode.swift; path = locationShelfView.swift; sourceTree = "<group>"; };
		F89819462AB0CDC30069EDCE /* headerPersonalView.swift */ = {isa = PBXFileReference; lastKnownFileType = sourcecode.swift; path = headerPersonalView.swift; sourceTree = "<group>"; };
		F89819482AB0CDEB0069EDCE /* textfieldPersonalView.swift */ = {isa = PBXFileReference; lastKnownFileType = sourcecode.swift; path = textfieldPersonalView.swift; sourceTree = "<group>"; };
		F898194C2AB0CF7E0069EDCE /* changePasswordShelfView.swift */ = {isa = PBXFileReference; lastKnownFileType = sourcecode.swift; path = changePasswordShelfView.swift; sourceTree = "<group>"; };
		F89819502AB0CFF00069EDCE /* headerPasswordView.swift */ = {isa = PBXFileReference; lastKnownFileType = sourcecode.swift; path = headerPasswordView.swift; sourceTree = "<group>"; };
		F89819522AB0D00B0069EDCE /* textfieldPasswordView.swift */ = {isa = PBXFileReference; lastKnownFileType = sourcecode.swift; path = textfieldPasswordView.swift; sourceTree = "<group>"; };
		F89819542AB0D0230069EDCE /* saveInfoPasswordView.swift */ = {isa = PBXFileReference; lastKnownFileType = sourcecode.swift; path = saveInfoPasswordView.swift; sourceTree = "<group>"; };
		F89819562AB0D35B0069EDCE /* headerLocationView.swift */ = {isa = PBXFileReference; lastKnownFileType = sourcecode.swift; path = headerLocationView.swift; sourceTree = "<group>"; };
		F89819582AB0D3A40069EDCE /* AddListRowView.swift */ = {isa = PBXFileReference; lastKnownFileType = sourcecode.swift; path = AddListRowView.swift; sourceTree = "<group>"; };
		F898195A2AB0D6100069EDCE /* addLocationView.swift */ = {isa = PBXFileReference; lastKnownFileType = sourcecode.swift; path = addLocationView.swift; sourceTree = "<group>"; };
		F898195C2AB0DF950069EDCE /* addNewlocationView.swift */ = {isa = PBXFileReference; lastKnownFileType = sourcecode.swift; path = addNewlocationView.swift; sourceTree = "<group>"; };
		F89888362A9B29A7008ED3FB /* registerButtonInLoginView.swift */ = {isa = PBXFileReference; lastKnownFileType = sourcecode.swift; path = registerButtonInLoginView.swift; sourceTree = "<group>"; };
		F898883B2A9B331E008ED3FB /* homeShelfView.swift */ = {isa = PBXFileReference; lastKnownFileType = sourcecode.swift; path = homeShelfView.swift; sourceTree = "<group>"; };
		F898883E2A9B36CC008ED3FB /* headerView.swift */ = {isa = PBXFileReference; lastKnownFileType = sourcecode.swift; path = headerView.swift; sourceTree = "<group>"; };
		F89938A32AB233B700A4AA2C /* DescriptionView.swift */ = {isa = PBXFileReference; lastKnownFileType = sourcecode.swift; path = DescriptionView.swift; sourceTree = "<group>"; };
		F89938A52AB2343B00A4AA2C /* ColorDotView.swift */ = {isa = PBXFileReference; lastKnownFileType = sourcecode.swift; path = ColorDotView.swift; sourceTree = "<group>"; };
		F89938A72AB234F500A4AA2C /* FooterAddProductToCartView.swift */ = {isa = PBXFileReference; lastKnownFileType = sourcecode.swift; path = FooterAddProductToCartView.swift; sourceTree = "<group>"; };
		F89938AB2AB240CC00A4AA2C /* CategoryView.swift */ = {isa = PBXFileReference; lastKnownFileType = sourcecode.swift; path = CategoryView.swift; sourceTree = "<group>"; };
		F89B409F2AA794010020EFD7 /* MapCard.swift */ = {isa = PBXFileReference; lastKnownFileType = sourcecode.swift; path = MapCard.swift; sourceTree = "<group>"; };
		F89B40A12AA795E40020EFD7 /* MapCardViewModel.swift */ = {isa = PBXFileReference; lastKnownFileType = sourcecode.swift; path = MapCardViewModel.swift; sourceTree = "<group>"; };
		F89B80082A984B5A000FE241 /* registerShlefView.swift */ = {isa = PBXFileReference; lastKnownFileType = sourcecode.swift; path = registerShlefView.swift; sourceTree = "<group>"; };
		F89BD00E2AB18ACB006D099C /* forLoopSettingBtnView.swift */ = {isa = PBXFileReference; lastKnownFileType = sourcecode.swift; path = forLoopSettingBtnView.swift; sourceTree = "<group>"; };
		F89BD0102AB18BA8006D099C /* signOutBtnView.swift */ = {isa = PBXFileReference; lastKnownFileType = sourcecode.swift; path = signOutBtnView.swift; sourceTree = "<group>"; };
		F89F12AD2ACF392E00912492 /* ResetPasswordModel.swift */ = {isa = PBXFileReference; lastKnownFileType = sourcecode.swift; path = ResetPasswordModel.swift; sourceTree = "<group>"; };
		F89F12AF2ACF395A00912492 /* ResetPasswordViewModel.swift */ = {isa = PBXFileReference; lastKnownFileType = sourcecode.swift; path = ResetPasswordViewModel.swift; sourceTree = "<group>"; };
		F8A19C632AB9718B0007E4AE /* buttonCartView.swift */ = {isa = PBXFileReference; lastKnownFileType = sourcecode.swift; path = buttonCartView.swift; sourceTree = "<group>"; };
		F8A1BDEF2AA84173005FA5AE /* TabBarViewModel.swift */ = {isa = PBXFileReference; lastKnownFileType = sourcecode.swift; path = TabBarViewModel.swift; sourceTree = "<group>"; };
		F8A1BDF22AA84203005FA5AE /* TabBarModel.swift */ = {isa = PBXFileReference; lastKnownFileType = sourcecode.swift; path = TabBarModel.swift; sourceTree = "<group>"; };
		F8A2682C2AAC399900F5E97A /* CartModel.swift */ = {isa = PBXFileReference; lastKnownFileType = sourcecode.swift; path = CartModel.swift; sourceTree = "<group>"; };
		F8A2682E2AAC39A900F5E97A /* CartViewModel.swift */ = {isa = PBXFileReference; lastKnownFileType = sourcecode.swift; path = CartViewModel.swift; sourceTree = "<group>"; };
		F8A425532AAD9DC800D4CE99 /* SplashScreenView.swift */ = {isa = PBXFileReference; lastKnownFileType = sourcecode.swift; path = SplashScreenView.swift; sourceTree = "<group>"; };
		F8A425562AADAF0800D4CE99 /* profileModel.swift */ = {isa = PBXFileReference; lastKnownFileType = sourcecode.swift; path = profileModel.swift; sourceTree = "<group>"; };
		F8A425582AADAF2100D4CE99 /* profileViewModel.swift */ = {isa = PBXFileReference; lastKnownFileType = sourcecode.swift; path = profileViewModel.swift; sourceTree = "<group>"; };
		F8A69F792AE30567003BE8F2 /* LineButton.swift */ = {isa = PBXFileReference; lastKnownFileType = sourcecode.swift; path = LineButton.swift; sourceTree = "<group>"; };
		F8A8E9C82ABF61F700476FBB /* ListRowView.swift */ = {isa = PBXFileReference; lastKnownFileType = sourcecode.swift; path = ListRowView.swift; sourceTree = "<group>"; };
		F8A909602ACB1B0700BD1021 /* loginModel.swift */ = {isa = PBXFileReference; lastKnownFileType = sourcecode.swift; path = loginModel.swift; sourceTree = "<group>"; };
		F8A909622ACB1B1500BD1021 /* loginViewModel.swift */ = {isa = PBXFileReference; lastKnownFileType = sourcecode.swift; path = loginViewModel.swift; sourceTree = "<group>"; };
		F8A9D8372AC1AFEF00D73683 /* orderView.swift */ = {isa = PBXFileReference; lastKnownFileType = sourcecode.swift; path = orderView.swift; sourceTree = "<group>"; };
		F8AA49C52AD7DEB100B840F5 /* PersonalModel.swift */ = {isa = PBXFileReference; lastKnownFileType = sourcecode.swift; path = PersonalModel.swift; sourceTree = "<group>"; };
		F8AA49C82AD7DEC500B840F5 /* PersonalViewModel.swift */ = {isa = PBXFileReference; lastKnownFileType = sourcecode.swift; path = PersonalViewModel.swift; sourceTree = "<group>"; };
		F8AA49CB2AD7DF0B00B840F5 /* PersonalButton.swift */ = {isa = PBXFileReference; lastKnownFileType = sourcecode.swift; path = PersonalButton.swift; sourceTree = "<group>"; };
		F8ACD0052A99CBF30050A7BE /* textfieldView.swift */ = {isa = PBXFileReference; lastKnownFileType = sourcecode.swift; path = textfieldView.swift; sourceTree = "<group>"; };
		F8ACD0072A99CCA10050A7BE /* checkboxView.swift */ = {isa = PBXFileReference; lastKnownFileType = sourcecode.swift; path = checkboxView.swift; sourceTree = "<group>"; };
		F8ACD0092A99CDAD0050A7BE /* registerButtonView.swift */ = {isa = PBXFileReference; lastKnownFileType = sourcecode.swift; path = registerButtonView.swift; sourceTree = "<group>"; };
		F8ACD00B2A99D5900050A7BE /* textfieldLoginView.swift */ = {isa = PBXFileReference; lastKnownFileType = sourcecode.swift; path = textfieldLoginView.swift; sourceTree = "<group>"; };
		F8ACD00D2A99D68E0050A7BE /* loginButtonView.swift */ = {isa = PBXFileReference; lastKnownFileType = sourcecode.swift; path = loginButtonView.swift; sourceTree = "<group>"; };
		F8AE46C62ABFEB2500D7D5B3 /* LocationViewModel.swift */ = {isa = PBXFileReference; lastKnownFileType = sourcecode.swift; path = LocationViewModel.swift; sourceTree = "<group>"; };
		F8B057902AA74C7500E9A0B8 /* AllView.swift */ = {isa = PBXFileReference; lastKnownFileType = sourcecode.swift; path = AllView.swift; sourceTree = "<group>"; };
		F8B15E372AB8C01800B4C9A5 /* AddProductHistoryView.swift */ = {isa = PBXFileReference; lastKnownFileType = sourcecode.swift; path = AddProductHistoryView.swift; sourceTree = "<group>"; };
		F8B15E3C2AB8D93800B4C9A5 /* AddProductViewModel.swift */ = {isa = PBXFileReference; lastKnownFileType = sourcecode.swift; path = AddProductViewModel.swift; sourceTree = "<group>"; };
		F8B1BAAE2AA9B6D10072037E /* btnView.swift */ = {isa = PBXFileReference; lastKnownFileType = sourcecode.swift; path = btnView.swift; sourceTree = "<group>"; };
		F8B1BAB22AA9C2740072037E /* settingView.swift */ = {isa = PBXFileReference; lastKnownFileType = sourcecode.swift; path = settingView.swift; sourceTree = "<group>"; };
		F8B4A88C2AA1815200C76587 /* profileSettingShelfView.swift */ = {isa = PBXFileReference; lastKnownFileType = sourcecode.swift; path = profileSettingShelfView.swift; sourceTree = "<group>"; };
		F8B4A8902AA18AED00C76587 /* infoImageView2.swift */ = {isa = PBXFileReference; lastKnownFileType = sourcecode.swift; path = infoImageView2.swift; sourceTree = "<group>"; };
		F8B4A8922AA1918900C76587 /* TabBar.swift */ = {isa = PBXFileReference; lastKnownFileType = sourcecode.swift; path = TabBar.swift; sourceTree = "<group>"; };
		F8B5608E2AB9B616001213B7 /* ProductHistoryRowView.swift */ = {isa = PBXFileReference; lastKnownFileType = sourcecode.swift; path = ProductHistoryRowView.swift; sourceTree = "<group>"; };
		F8BAFA432AD95AC00045131D /* OrderModel.swift */ = {isa = PBXFileReference; lastKnownFileType = sourcecode.swift; path = OrderModel.swift; sourceTree = "<group>"; };
		F8BAFA452AD95AD00045131D /* OrderViewModel.swift */ = {isa = PBXFileReference; lastKnownFileType = sourcecode.swift; path = OrderViewModel.swift; sourceTree = "<group>"; };
		F8BF912F2AAABB4F0071F2F3 /* productSingleView.swift */ = {isa = PBXFileReference; lastKnownFileType = sourcecode.swift; path = productSingleView.swift; sourceTree = "<group>"; };
		F8FF7C512AC95CB800B27D3D /* RegisterModel.swift */ = {isa = PBXFileReference; lastKnownFileType = sourcecode.swift; path = RegisterModel.swift; sourceTree = "<group>"; };
		F8FF7C542AC95CD900B27D3D /* registerViewModel.swift */ = {isa = PBXFileReference; lastKnownFileType = sourcecode.swift; path = registerViewModel.swift; sourceTree = "<group>"; };
/* End PBXFileReference section */

/* Begin PBXFrameworksBuildPhase section */
		F8206B812A92FD88006B728B /* Frameworks */ = {
			isa = PBXFrameworksBuildPhase;
			buildActionMask = 2147483647;
			files = (
				F83EC3472AFE258200AC5A5B /* Alamofire in Frameworks */,
				F8FF7C502AC95C9F00B27D3D /* Alamofire in Frameworks */,
				F8FF7C4D2AC95C7200B27D3D /* ObjectMapper in Frameworks */,
				F897E0062AD18AE90061A92A /* NukeUI in Frameworks */,
			);
			runOnlyForDeploymentPostprocessing = 0;
		};
/* End PBXFrameworksBuildPhase section */

/* Begin PBXGroup section */
		F8206B7B2A92FD87006B728B = {
			isa = PBXGroup;
			children = (
				F8206B862A92FD88006B728B /* metalSheet */,
				F8206B852A92FD88006B728B /* Products */,
			);
			sourceTree = "<group>";
		};
		F8206B852A92FD88006B728B /* Products */ = {
			isa = PBXGroup;
			children = (
				F8206B842A92FD88006B728B /* metalSheet.app */,
			);
			name = Products;
			sourceTree = "<group>";
		};
		F8206B862A92FD88006B728B /* metalSheet */ = {
			isa = PBXGroup;
			children = (
				F8206B872A92FD88006B728B /* metalSheetApp.swift */,
				F89B80072A984B2E000FE241 /* Component */,
				F8206B8B2A92FD88006B728B /* Assets.xcassets */,
				F8206B8D2A92FD88006B728B /* Preview Content */,
			);
			path = metalSheet;
			sourceTree = "<group>";
		};
		F8206B8D2A92FD88006B728B /* Preview Content */ = {
			isa = PBXGroup;
			children = (
				F8206B8E2A92FD88006B728B /* Preview Assets.xcassets */,
			);
			path = "Preview Content";
			sourceTree = "<group>";
		};
		F85E67D72AD5A74D0010006C /* LogOutShelf */ = {
			isa = PBXGroup;
			children = (
				F89BD0102AB18BA8006D099C /* signOutBtnView.swift */,
			);
			path = LogOutShelf;
			sourceTree = "<group>";
		};
		F895817C2A9EFF5400973837 /* Basket */ = {
			isa = PBXGroup;
			children = (
				F895817D2A9EFF6400973837 /* View */,
			);
			path = Basket;
			sourceTree = "<group>";
		};
		F895817D2A9EFF6400973837 /* View */ = {
			isa = PBXGroup;
			children = (
				F895817A2A9EFECD00973837 /* BasketShelfView.swift */,
			);
			path = View;
			sourceTree = "<group>";
		};
		F89581802A9F00E600973837 /* InfoImage */ = {
			isa = PBXGroup;
			children = (
				F89581842A9F203500973837 /* View */,
				F89581872A9F206900973837 /* Model */,
				F896592E2AE52270007BA11B /* Viewmodel */,
			);
			path = InfoImage;
			sourceTree = "<group>";
		};
		F89581842A9F203500973837 /* View */ = {
			isa = PBXGroup;
			children = (
				F8B4A8902AA18AED00C76587 /* infoImageView2.swift */,
			);
			path = View;
			sourceTree = "<group>";
		};
		F89581872A9F206900973837 /* Model */ = {
			isa = PBXGroup;
			children = (
				F896592C2AE5213A007BA11B /* infoImageModel.swift */,
			);
			path = Model;
			sourceTree = "<group>";
		};
		F89610652A9E637100F67BDD /* CustomTapBar */ = {
			isa = PBXGroup;
			children = (
				F89610682A9E646300F67BDD /* View */,
				F8A1BDF12AA841F3005FA5AE /* Model */,
				F8A1BDEE2AA84148005FA5AE /* ViewModel */,
			);
			path = CustomTapBar;
			sourceTree = "<group>";
		};
		F89610682A9E646300F67BDD /* View */ = {
			isa = PBXGroup;
			children = (
				F8B4A8922AA1918900C76587 /* TabBar.swift */,
				F8B057902AA74C7500E9A0B8 /* AllView.swift */,
			);
			path = View;
			sourceTree = "<group>";
		};
		F896592E2AE52270007BA11B /* Viewmodel */ = {
			isa = PBXGroup;
			children = (
				F896592F2AE522B1007BA11B /* infoImageViewModel.swift */,
			);
			path = Viewmodel;
			sourceTree = "<group>";
		};
		F897855C2ADFAC280032FE0B /* Alert */ = {
			isa = PBXGroup;
			children = (
				F897855D2ADFAC420032FE0B /* CustomAlert.swift */,
			);
			path = Alert;
			sourceTree = "<group>";
		};
		F89805F22A98A36000369887 /* Login */ = {
			isa = PBXGroup;
			children = (
				F8A9095D2ACB1A2C00BD1021 /* View */,
				F8A9095E2ACB1A8C00BD1021 /* Model */,
				F8A9095F2ACB1A9700BD1021 /* ViewModel */,
			);
			path = Login;
			sourceTree = "<group>";
		};
		F89805F32A98A38000369887 /* Register */ = {
			isa = PBXGroup;
			children = (
				F8FF7C4A2AC9527000B27D3D /* View */,
				F8FF7C532AC95CBF00B27D3D /* Model */,
				F8FF7C562AC95CDC00B27D3D /* ViewModel */,
			);
			path = Register;
			sourceTree = "<group>";
		};
		F89819452AB0C90E0069EDCE /* PersonalSettingShelf */ = {
			isa = PBXGroup;
			children = (
				F8AA49C42AD7DE7A00B840F5 /* View */,
				F8AA49C72AD7DEB500B840F5 /* Model */,
				F8AA49CA2AD7DECF00B840F5 /* ViewModel */,
			);
			path = PersonalSettingShelf;
			sourceTree = "<group>";
		};
		F898194E2AB0CF8D0069EDCE /* ResetPasswordShelf */ = {
			isa = PBXGroup;
			children = (
				F89F12B22ACF399A00912492 /* View */,
				F89F12AC2ACF390E00912492 /* Model */,
				F89F12B12ACF396300912492 /* ViewModel */,
			);
			path = ResetPasswordShelf;
			sourceTree = "<group>";
		};
		F898194F2AB0CFC30069EDCE /* LocationSettingShelf */ = {
			isa = PBXGroup;
			children = (
				F89F12B42ACF4C1F00912492 /* View */,
				F89F12B52ACF4C3600912492 /* Model */,
				F89F12B62ACF4C4E00912492 /* ViewModel */,
			);
			path = LocationSettingShelf;
			sourceTree = "<group>";
		};
		F898883A2A9B32C1008ED3FB /* Home */ = {
			isa = PBXGroup;
			children = (
				F8ABC1CA2ACDC88000E0AF0D /* Componance */,
			);
			path = Home;
			sourceTree = "<group>";
		};
		F89938A02AB2334C00A4AA2C /* AddProductToCart */ = {
			isa = PBXGroup;
			children = (
				F89938A32AB233B700A4AA2C /* DescriptionView.swift */,
				F89938A52AB2343B00A4AA2C /* ColorDotView.swift */,
				F89938AB2AB240CC00A4AA2C /* CategoryView.swift */,
				F89938A72AB234F500A4AA2C /* FooterAddProductToCartView.swift */,
				F8313C162B06979B00618CD7 /* LongStepperFloat.swift */,
				F8414D822B182517005F0608 /* LabelStepperInt.swift */,
			);
			path = AddProductToCart;
			sourceTree = "<group>";
		};
		F89B80072A984B2E000FE241 /* Component */ = {
			isa = PBXGroup;
			children = (
				F897855C2ADFAC280032FE0B /* Alert */,
				F89805F22A98A36000369887 /* Login */,
				F89805F32A98A38000369887 /* Register */,
				F898883A2A9B32C1008ED3FB /* Home */,
				F89610652A9E637100F67BDD /* CustomTapBar */,
				F8B4A88A2AA180E700C76587 /* Cart */,
				F895817C2A9EFF5400973837 /* Basket */,
				F8B4A88E2AA1815900C76587 /* Profile */,
				F8A425552AAD9DCD00D4CE99 /* SplashScreen */,
			);
			path = Component;
			sourceTree = "<group>";
		};
		F89BD0122AB18C8C006D099C /* ProfileSettingShelf */ = {
			isa = PBXGroup;
			children = (
				F89F12B82ACF4C7400912492 /* View */,
				F8A4255B2AADAF2900D4CE99 /* ViewModel */,
				F8A4255A2AADAF2500D4CE99 /* Model */,
			);
			path = ProfileSettingShelf;
			sourceTree = "<group>";
		};
		F89F12AC2ACF390E00912492 /* Model */ = {
			isa = PBXGroup;
			children = (
				F89F12AD2ACF392E00912492 /* ResetPasswordModel.swift */,
			);
			path = Model;
			sourceTree = "<group>";
		};
		F89F12B12ACF396300912492 /* ViewModel */ = {
			isa = PBXGroup;
			children = (
				F89F12AF2ACF395A00912492 /* ResetPasswordViewModel.swift */,
			);
			path = ViewModel;
			sourceTree = "<group>";
		};
		F89F12B22ACF399A00912492 /* View */ = {
			isa = PBXGroup;
			children = (
				F898194C2AB0CF7E0069EDCE /* changePasswordShelfView.swift */,
				F89819502AB0CFF00069EDCE /* headerPasswordView.swift */,
				F89819522AB0D00B0069EDCE /* textfieldPasswordView.swift */,
				F89819542AB0D0230069EDCE /* saveInfoPasswordView.swift */,
			);
			path = View;
			sourceTree = "<group>";
		};
		F89F12B42ACF4C1F00912492 /* View */ = {
			isa = PBXGroup;
			children = (
				F89819432AB0C56C0069EDCE /* locationShelfView.swift */,
				F89819562AB0D35B0069EDCE /* headerLocationView.swift */,
				F898195C2AB0DF950069EDCE /* addNewlocationView.swift */,
				F898195A2AB0D6100069EDCE /* addLocationView.swift */,
				F8A8E9C82ABF61F700476FBB /* ListRowView.swift */,
				F89819582AB0D3A40069EDCE /* AddListRowView.swift */,
			);
			path = View;
			sourceTree = "<group>";
		};
		F89F12B52ACF4C3600912492 /* Model */ = {
			isa = PBXGroup;
			children = (
				F80465662ABF6C8C00379D76 /* LocationModel.swift */,
			);
			path = Model;
			sourceTree = "<group>";
		};
		F89F12B62ACF4C4E00912492 /* ViewModel */ = {
			isa = PBXGroup;
			children = (
				F8AE46C62ABFEB2500D7D5B3 /* LocationViewModel.swift */,
			);
			path = ViewModel;
			sourceTree = "<group>";
		};
		F89F12B82ACF4C7400912492 /* View */ = {
			isa = PBXGroup;
			children = (
				F8B4A88C2AA1815200C76587 /* profileSettingShelfView.swift */,
				F8B1BAB22AA9C2740072037E /* settingView.swift */,
				F89BD00E2AB18ACB006D099C /* forLoopSettingBtnView.swift */,
				F8B1BAAE2AA9B6D10072037E /* btnView.swift */,
			);
			path = View;
			sourceTree = "<group>";
		};
		F8A1BDEE2AA84148005FA5AE /* ViewModel */ = {
			isa = PBXGroup;
			children = (
				F8A1BDEF2AA84173005FA5AE /* TabBarViewModel.swift */,
				F88A2FAB2AC41A4C0025F5DC /* NavigationStackController.swift */,
			);
			path = ViewModel;
			sourceTree = "<group>";
		};
		F8A1BDF12AA841F3005FA5AE /* Model */ = {
			isa = PBXGroup;
			children = (
				F8A1BDF22AA84203005FA5AE /* TabBarModel.swift */,
			);
			path = Model;
			sourceTree = "<group>";
		};
		F8A268302AAC39AE00F5E97A /* ViewModel */ = {
			isa = PBXGroup;
			children = (
				F8A2682E2AAC39A900F5E97A /* CartViewModel.swift */,
				F8B15E3C2AB8D93800B4C9A5 /* AddProductViewModel.swift */,
				F8BAFA452AD95AD00045131D /* OrderViewModel.swift */,
			);
			path = ViewModel;
			sourceTree = "<group>";
		};
		F8A268312AAC39B800F5E97A /* Model */ = {
			isa = PBXGroup;
			children = (
				F8A2682C2AAC399900F5E97A /* CartModel.swift */,
				F8BAFA432AD95AC00045131D /* OrderModel.swift */,
			);
			path = Model;
			sourceTree = "<group>";
		};
		F8A3B4A82AA0799600C72BD7 /* Map */ = {
			isa = PBXGroup;
			children = (
				F8A3B4A92AA079A200C72BD7 /* View */,
				F8A3B4AE2AA07A0800C72BD7 /* ViewModel */,
			);
			path = Map;
			sourceTree = "<group>";
		};
		F8A3B4A92AA079A200C72BD7 /* View */ = {
			isa = PBXGroup;
			children = (
				F89B409F2AA794010020EFD7 /* MapCard.swift */,
			);
			path = View;
			sourceTree = "<group>";
		};
		F8A3B4AE2AA07A0800C72BD7 /* ViewModel */ = {
			isa = PBXGroup;
			children = (
				F89B40A12AA795E40020EFD7 /* MapCardViewModel.swift */,
			);
			path = ViewModel;
			sourceTree = "<group>";
		};
		F8A425552AAD9DCD00D4CE99 /* SplashScreen */ = {
			isa = PBXGroup;
			children = (
				F8A425532AAD9DC800D4CE99 /* SplashScreenView.swift */,
			);
			path = SplashScreen;
			sourceTree = "<group>";
		};
		F8A4255A2AADAF2500D4CE99 /* Model */ = {
			isa = PBXGroup;
			children = (
				F8A425562AADAF0800D4CE99 /* profileModel.swift */,
			);
			path = Model;
			sourceTree = "<group>";
		};
		F8A4255B2AADAF2900D4CE99 /* ViewModel */ = {
			isa = PBXGroup;
			children = (
				F8A425582AADAF2100D4CE99 /* profileViewModel.swift */,
			);
			path = ViewModel;
			sourceTree = "<group>";
		};
		F8A69F7B2AE30CB0003BE8F2 /* Line */ = {
			isa = PBXGroup;
			children = (
				F8A69F7C2AE30D40003BE8F2 /* View */,
			);
			path = Line;
			sourceTree = "<group>";
		};
		F8A69F7C2AE30D40003BE8F2 /* View */ = {
			isa = PBXGroup;
			children = (
				F8A69F792AE30567003BE8F2 /* LineButton.swift */,
			);
			path = View;
			sourceTree = "<group>";
		};
		F8A9095D2ACB1A2C00BD1021 /* View */ = {
			isa = PBXGroup;
			children = (
				F8206B892A92FD88006B728B /* loginShelfView.swift */,
				F8ACD00B2A99D5900050A7BE /* textfieldLoginView.swift */,
				F8ACD00D2A99D68E0050A7BE /* loginButtonView.swift */,
				F89888362A9B29A7008ED3FB /* registerButtonInLoginView.swift */,
			);
			path = View;
			sourceTree = "<group>";
		};
		F8A9095E2ACB1A8C00BD1021 /* Model */ = {
			isa = PBXGroup;
			children = (
				F8A909602ACB1B0700BD1021 /* loginModel.swift */,
			);
			path = Model;
			sourceTree = "<group>";
		};
		F8A9095F2ACB1A9700BD1021 /* ViewModel */ = {
			isa = PBXGroup;
			children = (
				F8A909622ACB1B1500BD1021 /* loginViewModel.swift */,
			);
			path = ViewModel;
			sourceTree = "<group>";
		};
		F8A9D8392AC1AFF800D73683 /* Order */ = {
			isa = PBXGroup;
			children = (
				F8A9D8372AC1AFEF00D73683 /* orderView.swift */,
			);
			path = Order;
			sourceTree = "<group>";
		};
		F8AA49C42AD7DE7A00B840F5 /* View */ = {
			isa = PBXGroup;
			children = (
				F89819412AB0C54E0069EDCE /* personalSettingShelfView.swift */,
				F89819462AB0CDC30069EDCE /* headerPersonalView.swift */,
				F89819482AB0CDEB0069EDCE /* textfieldPersonalView.swift */,
				F8AA49CB2AD7DF0B00B840F5 /* PersonalButton.swift */,
				F88722632B20D8BD003B78E9 /* singInAndRegisterBtnView.swift */,
			);
			path = View;
			sourceTree = "<group>";
		};
		F8AA49C72AD7DEB500B840F5 /* Model */ = {
			isa = PBXGroup;
			children = (
				F8AA49C52AD7DEB100B840F5 /* PersonalModel.swift */,
			);
			path = Model;
			sourceTree = "<group>";
		};
		F8AA49CA2AD7DECF00B840F5 /* ViewModel */ = {
			isa = PBXGroup;
			children = (
				F8AA49C82AD7DEC500B840F5 /* PersonalViewModel.swift */,
			);
			path = ViewModel;
			sourceTree = "<group>";
		};
		F8ABC1CA2ACDC88000E0AF0D /* Componance */ = {
			isa = PBXGroup;
			children = (
				F898883B2A9B331E008ED3FB /* homeShelfView.swift */,
				F898883E2A9B36CC008ED3FB /* headerView.swift */,
				F89581882A9F2B5300973837 /* backgroundHomeView.swift */,
				F8A3B4A82AA0799600C72BD7 /* Map */,
				F89581802A9F00E600973837 /* InfoImage */,
				F8A69F7B2AE30CB0003BE8F2 /* Line */,
			);
			path = Componance;
			sourceTree = "<group>";
		};
		F8B15E392AB8C06400B4C9A5 /* ProductInCart */ = {
			isa = PBXGroup;
			children = (
				F8B15E372AB8C01800B4C9A5 /* AddProductHistoryView.swift */,
				F8B5608E2AB9B616001213B7 /* ProductHistoryRowView.swift */,
			);
			path = ProductInCart;
			sourceTree = "<group>";
		};
		F8B4A88A2AA180E700C76587 /* Cart */ = {
			isa = PBXGroup;
			children = (
				F8B4A88B2AA180F000C76587 /* View */,
				F8A268312AAC39B800F5E97A /* Model */,
				F8A268302AAC39AE00F5E97A /* ViewModel */,
			);
			path = Cart;
			sourceTree = "<group>";
		};
		F8B4A88B2AA180F000C76587 /* View */ = {
			isa = PBXGroup;
			children = (
				F8B560902AB9B680001213B7 /* ProductShelf */,
				F89938A02AB2334C00A4AA2C /* AddProductToCart */,
				F8B15E392AB8C06400B4C9A5 /* ProductInCart */,
				F8A9D8392AC1AFF800D73683 /* Order */,
			);
			path = View;
			sourceTree = "<group>";
		};
		F8B4A88E2AA1815900C76587 /* Profile */ = {
			isa = PBXGroup;
			children = (
				F8B4A88F2AA1816100C76587 /* Componance */,
			);
			path = Profile;
			sourceTree = "<group>";
		};
		F8B4A88F2AA1816100C76587 /* Componance */ = {
			isa = PBXGroup;
			children = (
				F89BD0122AB18C8C006D099C /* ProfileSettingShelf */,
				F89819452AB0C90E0069EDCE /* PersonalSettingShelf */,
				F898194F2AB0CFC30069EDCE /* LocationSettingShelf */,
				F898194E2AB0CF8D0069EDCE /* ResetPasswordShelf */,
				F85E67D72AD5A74D0010006C /* LogOutShelf */,
			);
			path = Componance;
			sourceTree = "<group>";
		};
		F8B560902AB9B680001213B7 /* ProductShelf */ = {
			isa = PBXGroup;
			children = (
				F81B88F82AB1C04400850B88 /* ProductCartView.swift */,
				F8BF912F2AAABB4F0071F2F3 /* productSingleView.swift */,
				F8A19C632AB9718B0007E4AE /* buttonCartView.swift */,
			);
			path = ProductShelf;
			sourceTree = "<group>";
		};
		F8FF7C4A2AC9527000B27D3D /* View */ = {
			isa = PBXGroup;
			children = (
				F89B80082A984B5A000FE241 /* registerShlefView.swift */,
				F8ACD0052A99CBF30050A7BE /* textfieldView.swift */,
				F8ACD0072A99CCA10050A7BE /* checkboxView.swift */,
				F8ACD0092A99CDAD0050A7BE /* registerButtonView.swift */,
				F838E8F02AF78C6700A21513 /* OtpView.swift */,
				F857B7E72AF92FDA00C64660 /* CooldwonOtp.swift */,
			);
			path = View;
			sourceTree = "<group>";
		};
		F8FF7C532AC95CBF00B27D3D /* Model */ = {
			isa = PBXGroup;
			children = (
				F8FF7C512AC95CB800B27D3D /* RegisterModel.swift */,
			);
			path = Model;
			sourceTree = "<group>";
		};
		F8FF7C562AC95CDC00B27D3D /* ViewModel */ = {
			isa = PBXGroup;
			children = (
				F8FF7C542AC95CD900B27D3D /* registerViewModel.swift */,
				F86563622AF88C15004633FD /* otpViewModel.swift */,
			);
			path = ViewModel;
			sourceTree = "<group>";
		};
/* End PBXGroup section */

/* Begin PBXNativeTarget section */
		F8206B832A92FD88006B728B /* metalSheet */ = {
			isa = PBXNativeTarget;
			buildConfigurationList = F8206B922A92FD88006B728B /* Build configuration list for PBXNativeTarget "metalSheet" */;
			buildPhases = (
				F8206B802A92FD88006B728B /* Sources */,
				F8206B812A92FD88006B728B /* Frameworks */,
				F8206B822A92FD88006B728B /* Resources */,
			);
			buildRules = (
			);
			dependencies = (
			);
			name = metalSheet;
			packageProductDependencies = (
				F8FF7C4C2AC95C7200B27D3D /* ObjectMapper */,
				F8FF7C4F2AC95C9F00B27D3D /* Alamofire */,
				F897E0052AD18AE90061A92A /* NukeUI */,
				F83EC3462AFE258200AC5A5B /* Alamofire */,
			);
			productName = metalSheet;
			productReference = F8206B842A92FD88006B728B /* metalSheet.app */;
			productType = "com.apple.product-type.application";
		};
/* End PBXNativeTarget section */

/* Begin PBXProject section */
		F8206B7C2A92FD87006B728B /* Project object */ = {
			isa = PBXProject;
			attributes = {
				BuildIndependentTargetsInParallel = 1;
				LastSwiftUpdateCheck = 1430;
				LastUpgradeCheck = 1430;
				TargetAttributes = {
					F8206B832A92FD88006B728B = {
						CreatedOnToolsVersion = 14.3;
					};
				};
			};
			buildConfigurationList = F8206B7F2A92FD87006B728B /* Build configuration list for PBXProject "metalSheet" */;
			compatibilityVersion = "Xcode 14.0";
			developmentRegion = en;
			hasScannedForEncodings = 0;
			knownRegions = (
				en,
				Base,
			);
			mainGroup = F8206B7B2A92FD87006B728B;
			packageReferences = (
				F8FF7C4B2AC95C7200B27D3D /* XCRemoteSwiftPackageReference "ObjectMapper" */,
				F8FF7C4E2AC95C9F00B27D3D /* XCRemoteSwiftPackageReference "Alamofire" */,
				F897E0042AD18AE90061A92A /* XCRemoteSwiftPackageReference "NukeUI" */,
			);
			productRefGroup = F8206B852A92FD88006B728B /* Products */;
			projectDirPath = "";
			projectRoot = "";
			targets = (
				F8206B832A92FD88006B728B /* metalSheet */,
			);
		};
/* End PBXProject section */

/* Begin PBXResourcesBuildPhase section */
		F8206B822A92FD88006B728B /* Resources */ = {
			isa = PBXResourcesBuildPhase;
			buildActionMask = 2147483647;
			files = (
				F8206B8F2A92FD88006B728B /* Preview Assets.xcassets in Resources */,
				F8206B8C2A92FD88006B728B /* Assets.xcassets in Resources */,
			);
			runOnlyForDeploymentPostprocessing = 0;
		};
/* End PBXResourcesBuildPhase section */

/* Begin PBXSourcesBuildPhase section */
		F8206B802A92FD88006B728B /* Sources */ = {
			isa = PBXSourcesBuildPhase;
			buildActionMask = 2147483647;
			files = (
				F8ACD00C2A99D5900050A7BE /* textfieldLoginView.swift in Sources */,
				F89819492AB0CDEB0069EDCE /* textfieldPersonalView.swift in Sources */,
				F8B5608F2AB9B616001213B7 /* ProductHistoryRowView.swift in Sources */,
				F89581892A9F2B5300973837 /* backgroundHomeView.swift in Sources */,
				F89B40A02AA794010020EFD7 /* MapCard.swift in Sources */,
				F8A909612ACB1B0700BD1021 /* loginModel.swift in Sources */,
				F89B40A22AA795E40020EFD7 /* MapCardViewModel.swift in Sources */,
				F89B80092A984B5A000FE241 /* registerShlefView.swift in Sources */,
				F8414D832B182517005F0608 /* LabelStepperInt.swift in Sources */,
				F8A8E9C92ABF61F700476FBB /* ListRowView.swift in Sources */,
				F8A425542AAD9DC800D4CE99 /* SplashScreenView.swift in Sources */,
				F8B1BAAF2AA9B6D10072037E /* btnView.swift in Sources */,
				F89819422AB0C54E0069EDCE /* personalSettingShelfView.swift in Sources */,
				F8FF7C552AC95CD900B27D3D /* registerViewModel.swift in Sources */,
				F898883F2A9B36CC008ED3FB /* headerView.swift in Sources */,
				F8A1BDF32AA84203005FA5AE /* TabBarModel.swift in Sources */,
				F89819552AB0D0230069EDCE /* saveInfoPasswordView.swift in Sources */,
				F8206B8A2A92FD88006B728B /* loginShelfView.swift in Sources */,
				F8FF7C522AC95CB800B27D3D /* RegisterModel.swift in Sources */,
				F8BAFA442AD95AC00045131D /* OrderModel.swift in Sources */,
				F8ACD0082A99CCA10050A7BE /* checkboxView.swift in Sources */,
				F857B7E82AF92FDA00C64660 /* CooldwonOtp.swift in Sources */,
				F89938A82AB234F500A4AA2C /* FooterAddProductToCartView.swift in Sources */,
				F81B88F92AB1C04400850B88 /* ProductCartView.swift in Sources */,
				F80465672ABF6C8C00379D76 /* LocationModel.swift in Sources */,
				F8B15E382AB8C01800B4C9A5 /* AddProductHistoryView.swift in Sources */,
				F8B4A88D2AA1815200C76587 /* profileSettingShelfView.swift in Sources */,
				F8A19C642AB9718B0007E4AE /* buttonCartView.swift in Sources */,
				F8AA49C92AD7DEC500B840F5 /* PersonalViewModel.swift in Sources */,
				F8AA49C62AD7DEB100B840F5 /* PersonalModel.swift in Sources */,
				F89938AC2AB240CC00A4AA2C /* CategoryView.swift in Sources */,
				F8ACD0062A99CBF30050A7BE /* textfieldView.swift in Sources */,
				F89819532AB0D00B0069EDCE /* textfieldPasswordView.swift in Sources */,
				F89F12AE2ACF392E00912492 /* ResetPasswordModel.swift in Sources */,
				F89BD0112AB18BA8006D099C /* signOutBtnView.swift in Sources */,
				F8A9D8382AC1AFEF00D73683 /* orderView.swift in Sources */,
				F89819592AB0D3A40069EDCE /* AddListRowView.swift in Sources */,
				F8313C172B06979B00618CD7 /* LongStepperFloat.swift in Sources */,
				F8B15E3D2AB8D93800B4C9A5 /* AddProductViewModel.swift in Sources */,
				F8BF91302AAABB4F0071F2F3 /* productSingleView.swift in Sources */,
				F89F12B02ACF395A00912492 /* ResetPasswordViewModel.swift in Sources */,
				F8A425592AADAF2100D4CE99 /* profileViewModel.swift in Sources */,
				F898195B2AB0D6100069EDCE /* addLocationView.swift in Sources */,
				F8B057912AA74C7500E9A0B8 /* AllView.swift in Sources */,
				F8A1BDF02AA84173005FA5AE /* TabBarViewModel.swift in Sources */,
				F838E8F12AF78C6700A21513 /* OtpView.swift in Sources */,
				F8BAFA462AD95AD00045131D /* OrderViewModel.swift in Sources */,
				F89938A62AB2343B00A4AA2C /* ColorDotView.swift in Sources */,
				F8A425572AADAF0800D4CE99 /* profileModel.swift in Sources */,
				F898194D2AB0CF7E0069EDCE /* changePasswordShelfView.swift in Sources */,
				F88A2FAC2AC41A4C0025F5DC /* NavigationStackController.swift in Sources */,
				F8A2682F2AAC39A900F5E97A /* CartViewModel.swift in Sources */,
				F89BD00F2AB18ACB006D099C /* forLoopSettingBtnView.swift in Sources */,
				F897855E2ADFAC420032FE0B /* CustomAlert.swift in Sources */,
				F89819442AB0C56C0069EDCE /* locationShelfView.swift in Sources */,
				F8B4A8932AA1918900C76587 /* TabBar.swift in Sources */,
				F8AE46C72ABFEB2500D7D5B3 /* LocationViewModel.swift in Sources */,
				F8A69F7A2AE30567003BE8F2 /* LineButton.swift in Sources */,
				F89888372A9B29A7008ED3FB /* registerButtonInLoginView.swift in Sources */,
				F898195D2AB0DF950069EDCE /* addNewlocationView.swift in Sources */,
				F86563632AF88C15004633FD /* otpViewModel.swift in Sources */,
				F8ACD00E2A99D68E0050A7BE /* loginButtonView.swift in Sources */,
				F89659302AE522B1007BA11B /* infoImageViewModel.swift in Sources */,
				F8ACD00A2A99CDAD0050A7BE /* registerButtonView.swift in Sources */,
				F896592D2AE5213A007BA11B /* infoImageModel.swift in Sources */,
				F8B1BAB32AA9C2740072037E /* settingView.swift in Sources */,
				F8A909632ACB1B1500BD1021 /* loginViewModel.swift in Sources */,
				F8AA49CC2AD7DF0B00B840F5 /* PersonalButton.swift in Sources */,
				F89819512AB0CFF00069EDCE /* headerPasswordView.swift in Sources */,
				F89819472AB0CDC30069EDCE /* headerPersonalView.swift in Sources */,
				F8A2682D2AAC399900F5E97A /* CartModel.swift in Sources */,
				F89819572AB0D35B0069EDCE /* headerLocationView.swift in Sources */,
				F8B4A8912AA18AED00C76587 /* infoImageView2.swift in Sources */,
				F8206B882A92FD88006B728B /* metalSheetApp.swift in Sources */,
				F88722642B20D8BD003B78E9 /* singInAndRegisterBtnView.swift in Sources */,
				F89938A42AB233B700A4AA2C /* DescriptionView.swift in Sources */,
				F898883C2A9B331E008ED3FB /* homeShelfView.swift in Sources */,
				F895817B2A9EFECD00973837 /* BasketShelfView.swift in Sources */,
			);
			runOnlyForDeploymentPostprocessing = 0;
		};
/* End PBXSourcesBuildPhase section */

/* Begin XCBuildConfiguration section */
		F8206B902A92FD88006B728B /* Debug */ = {
			isa = XCBuildConfiguration;
			buildSettings = {
				ALWAYS_SEARCH_USER_PATHS = NO;
				CLANG_ANALYZER_NONNULL = YES;
				CLANG_ANALYZER_NUMBER_OBJECT_CONVERSION = YES_AGGRESSIVE;
				CLANG_CXX_LANGUAGE_STANDARD = "gnu++20";
				CLANG_ENABLE_MODULES = YES;
				CLANG_ENABLE_OBJC_ARC = YES;
				CLANG_ENABLE_OBJC_WEAK = YES;
				CLANG_WARN_BLOCK_CAPTURE_AUTORELEASING = YES;
				CLANG_WARN_BOOL_CONVERSION = YES;
				CLANG_WARN_COMMA = YES;
				CLANG_WARN_CONSTANT_CONVERSION = YES;
				CLANG_WARN_DEPRECATED_OBJC_IMPLEMENTATIONS = YES;
				CLANG_WARN_DIRECT_OBJC_ISA_USAGE = YES_ERROR;
				CLANG_WARN_DOCUMENTATION_COMMENTS = YES;
				CLANG_WARN_EMPTY_BODY = YES;
				CLANG_WARN_ENUM_CONVERSION = YES;
				CLANG_WARN_INFINITE_RECURSION = YES;
				CLANG_WARN_INT_CONVERSION = YES;
				CLANG_WARN_NON_LITERAL_NULL_CONVERSION = YES;
				CLANG_WARN_OBJC_IMPLICIT_RETAIN_SELF = YES;
				CLANG_WARN_OBJC_LITERAL_CONVERSION = YES;
				CLANG_WARN_OBJC_ROOT_CLASS = YES_ERROR;
				CLANG_WARN_QUOTED_INCLUDE_IN_FRAMEWORK_HEADER = YES;
				CLANG_WARN_RANGE_LOOP_ANALYSIS = YES;
				CLANG_WARN_STRICT_PROTOTYPES = YES;
				CLANG_WARN_SUSPICIOUS_MOVE = YES;
				CLANG_WARN_UNGUARDED_AVAILABILITY = YES_AGGRESSIVE;
				CLANG_WARN_UNREACHABLE_CODE = YES;
				CLANG_WARN__DUPLICATE_METHOD_MATCH = YES;
				COPY_PHASE_STRIP = NO;
				DEBUG_INFORMATION_FORMAT = dwarf;
				ENABLE_STRICT_OBJC_MSGSEND = YES;
				ENABLE_TESTABILITY = YES;
				GCC_C_LANGUAGE_STANDARD = gnu11;
				GCC_DYNAMIC_NO_PIC = NO;
				GCC_NO_COMMON_BLOCKS = YES;
				GCC_OPTIMIZATION_LEVEL = 0;
				GCC_PREPROCESSOR_DEFINITIONS = (
					"DEBUG=1",
					"$(inherited)",
				);
				GCC_WARN_64_TO_32_BIT_CONVERSION = YES;
				GCC_WARN_ABOUT_RETURN_TYPE = YES_ERROR;
				GCC_WARN_UNDECLARED_SELECTOR = YES;
				GCC_WARN_UNINITIALIZED_AUTOS = YES_AGGRESSIVE;
				GCC_WARN_UNUSED_FUNCTION = YES;
				GCC_WARN_UNUSED_VARIABLE = YES;
				IPHONEOS_DEPLOYMENT_TARGET = 17.0;
				MTL_ENABLE_DEBUG_INFO = INCLUDE_SOURCE;
				MTL_FAST_MATH = YES;
				ONLY_ACTIVE_ARCH = YES;
				SDKROOT = iphoneos;
				SWIFT_ACTIVE_COMPILATION_CONDITIONS = DEBUG;
				SWIFT_OPTIMIZATION_LEVEL = "-Onone";
			};
			name = Debug;
		};
		F8206B912A92FD88006B728B /* Release */ = {
			isa = XCBuildConfiguration;
			buildSettings = {
				ALWAYS_SEARCH_USER_PATHS = NO;
				CLANG_ANALYZER_NONNULL = YES;
				CLANG_ANALYZER_NUMBER_OBJECT_CONVERSION = YES_AGGRESSIVE;
				CLANG_CXX_LANGUAGE_STANDARD = "gnu++20";
				CLANG_ENABLE_MODULES = YES;
				CLANG_ENABLE_OBJC_ARC = YES;
				CLANG_ENABLE_OBJC_WEAK = YES;
				CLANG_WARN_BLOCK_CAPTURE_AUTORELEASING = YES;
				CLANG_WARN_BOOL_CONVERSION = YES;
				CLANG_WARN_COMMA = YES;
				CLANG_WARN_CONSTANT_CONVERSION = YES;
				CLANG_WARN_DEPRECATED_OBJC_IMPLEMENTATIONS = YES;
				CLANG_WARN_DIRECT_OBJC_ISA_USAGE = YES_ERROR;
				CLANG_WARN_DOCUMENTATION_COMMENTS = YES;
				CLANG_WARN_EMPTY_BODY = YES;
				CLANG_WARN_ENUM_CONVERSION = YES;
				CLANG_WARN_INFINITE_RECURSION = YES;
				CLANG_WARN_INT_CONVERSION = YES;
				CLANG_WARN_NON_LITERAL_NULL_CONVERSION = YES;
				CLANG_WARN_OBJC_IMPLICIT_RETAIN_SELF = YES;
				CLANG_WARN_OBJC_LITERAL_CONVERSION = YES;
				CLANG_WARN_OBJC_ROOT_CLASS = YES_ERROR;
				CLANG_WARN_QUOTED_INCLUDE_IN_FRAMEWORK_HEADER = YES;
				CLANG_WARN_RANGE_LOOP_ANALYSIS = YES;
				CLANG_WARN_STRICT_PROTOTYPES = YES;
				CLANG_WARN_SUSPICIOUS_MOVE = YES;
				CLANG_WARN_UNGUARDED_AVAILABILITY = YES_AGGRESSIVE;
				CLANG_WARN_UNREACHABLE_CODE = YES;
				CLANG_WARN__DUPLICATE_METHOD_MATCH = YES;
				COPY_PHASE_STRIP = NO;
				DEBUG_INFORMATION_FORMAT = "dwarf-with-dsym";
				ENABLE_NS_ASSERTIONS = NO;
				ENABLE_STRICT_OBJC_MSGSEND = YES;
				GCC_C_LANGUAGE_STANDARD = gnu11;
				GCC_NO_COMMON_BLOCKS = YES;
				GCC_WARN_64_TO_32_BIT_CONVERSION = YES;
				GCC_WARN_ABOUT_RETURN_TYPE = YES_ERROR;
				GCC_WARN_UNDECLARED_SELECTOR = YES;
				GCC_WARN_UNINITIALIZED_AUTOS = YES_AGGRESSIVE;
				GCC_WARN_UNUSED_FUNCTION = YES;
				GCC_WARN_UNUSED_VARIABLE = YES;
				IPHONEOS_DEPLOYMENT_TARGET = 17.0;
				MTL_ENABLE_DEBUG_INFO = NO;
				MTL_FAST_MATH = YES;
				SDKROOT = iphoneos;
				SWIFT_COMPILATION_MODE = wholemodule;
				SWIFT_OPTIMIZATION_LEVEL = "-O";
				VALIDATE_PRODUCT = YES;
			};
			name = Release;
		};
		F8206B932A92FD88006B728B /* Debug */ = {
			isa = XCBuildConfiguration;
			buildSettings = {
				ASSETCATALOG_COMPILER_APPICON_NAME = AppIcon;
				ASSETCATALOG_COMPILER_GLOBAL_ACCENT_COLOR_NAME = AccentColor;
				CODE_SIGN_STYLE = Automatic;
				CURRENT_PROJECT_VERSION = 4;
				DEVELOPMENT_ASSET_PATHS = "\"metalSheet/Preview Content\"";
				DEVELOPMENT_TEAM = 3799YSC9W3;
				ENABLE_PREVIEWS = YES;
				GENERATE_INFOPLIST_FILE = YES;
				INFOPLIST_KEY_CFBundleDisplayName = Saprachan;
				INFOPLIST_KEY_LSApplicationCategoryType = "public.app-category.shopping";
				INFOPLIST_KEY_UIApplicationSceneManifest_Generation = YES;
				INFOPLIST_KEY_UIApplicationSupportsIndirectInputEvents = YES;
				INFOPLIST_KEY_UILaunchScreen_Generation = YES;
				INFOPLIST_KEY_UIRequiresFullScreen = YES;
				INFOPLIST_KEY_UIStatusBarStyle = "";
				INFOPLIST_KEY_UISupportedInterfaceOrientations = UIInterfaceOrientationPortrait;
				IPHONEOS_DEPLOYMENT_TARGET = 16.0;
				LD_RUNPATH_SEARCH_PATHS = (
					"$(inherited)",
					"@executable_path/Frameworks",
				);
				MARKETING_VERSION = 1.0;
				PRODUCT_BUNDLE_IDENTIFIER = com.saprachan.metalsheet;
				PRODUCT_NAME = "$(TARGET_NAME)";
				SWIFT_EMIT_LOC_STRINGS = YES;
				SWIFT_VERSION = 5.0;
				TARGETED_DEVICE_FAMILY = "1,2";
			};
			name = Debug;
		};
		F8206B942A92FD88006B728B /* Release */ = {
			isa = XCBuildConfiguration;
			buildSettings = {
				ASSETCATALOG_COMPILER_APPICON_NAME = AppIcon;
				ASSETCATALOG_COMPILER_GLOBAL_ACCENT_COLOR_NAME = AccentColor;
				CODE_SIGN_STYLE = Automatic;
				CURRENT_PROJECT_VERSION = 4;
				DEVELOPMENT_ASSET_PATHS = "\"metalSheet/Preview Content\"";
				DEVELOPMENT_TEAM = 3799YSC9W3;
				ENABLE_PREVIEWS = YES;
				GENERATE_INFOPLIST_FILE = YES;
				INFOPLIST_KEY_CFBundleDisplayName = Saprachan;
				INFOPLIST_KEY_LSApplicationCategoryType = "public.app-category.shopping";
				INFOPLIST_KEY_UIApplicationSceneManifest_Generation = YES;
				INFOPLIST_KEY_UIApplicationSupportsIndirectInputEvents = YES;
				INFOPLIST_KEY_UILaunchScreen_Generation = YES;
				INFOPLIST_KEY_UIRequiresFullScreen = YES;
				INFOPLIST_KEY_UIStatusBarStyle = "";
				INFOPLIST_KEY_UISupportedInterfaceOrientations = UIInterfaceOrientationPortrait;
				IPHONEOS_DEPLOYMENT_TARGET = 16.0;
				LD_RUNPATH_SEARCH_PATHS = (
					"$(inherited)",
					"@executable_path/Frameworks",
				);
				MARKETING_VERSION = 1.0;
				PRODUCT_BUNDLE_IDENTIFIER = com.saprachan.metalsheet;
				PRODUCT_NAME = "$(TARGET_NAME)";
				SWIFT_EMIT_LOC_STRINGS = YES;
				SWIFT_VERSION = 5.0;
				TARGETED_DEVICE_FAMILY = "1,2";
			};
			name = Release;
		};
/* End XCBuildConfiguration section */

/* Begin XCConfigurationList section */
		F8206B7F2A92FD87006B728B /* Build configuration list for PBXProject "metalSheet" */ = {
			isa = XCConfigurationList;
			buildConfigurations = (
				F8206B902A92FD88006B728B /* Debug */,
				F8206B912A92FD88006B728B /* Release */,
			);
			defaultConfigurationIsVisible = 0;
			defaultConfigurationName = Release;
		};
		F8206B922A92FD88006B728B /* Build configuration list for PBXNativeTarget "metalSheet" */ = {
			isa = XCConfigurationList;
			buildConfigurations = (
				F8206B932A92FD88006B728B /* Debug */,
				F8206B942A92FD88006B728B /* Release */,
			);
			defaultConfigurationIsVisible = 0;
			defaultConfigurationName = Release;
		};
/* End XCConfigurationList section */

/* Begin XCRemoteSwiftPackageReference section */
		F897E0042AD18AE90061A92A /* XCRemoteSwiftPackageReference "NukeUI" */ = {
			isa = XCRemoteSwiftPackageReference;
			repositoryURL = "https://github.com/kean/NukeUI.git";
			requirement = {
				kind = upToNextMajorVersion;
				minimumVersion = 0.8.3;
			};
		};
		F8FF7C4B2AC95C7200B27D3D /* XCRemoteSwiftPackageReference "ObjectMapper" */ = {
			isa = XCRemoteSwiftPackageReference;
			repositoryURL = "https://github.com/tristanhimmelman/ObjectMapper.git";
			requirement = {
				kind = upToNextMajorVersion;
				minimumVersion = 4.0.0;
			};
		};
		F8FF7C4E2AC95C9F00B27D3D /* XCRemoteSwiftPackageReference "Alamofire" */ = {
			isa = XCRemoteSwiftPackageReference;
			repositoryURL = "https://github.com/Alamofire/Alamofire.git";
			requirement = {
				kind = exactVersion;
				version = 5.0.0;
			};
		};
/* End XCRemoteSwiftPackageReference section */

/* Begin XCSwiftPackageProductDependency section */
		F83EC3462AFE258200AC5A5B /* Alamofire */ = {
			isa = XCSwiftPackageProductDependency;
			package = F8FF7C4E2AC95C9F00B27D3D /* XCRemoteSwiftPackageReference "Alamofire" */;
			productName = Alamofire;
		};
		F897E0052AD18AE90061A92A /* NukeUI */ = {
			isa = XCSwiftPackageProductDependency;
			package = F897E0042AD18AE90061A92A /* XCRemoteSwiftPackageReference "NukeUI" */;
			productName = NukeUI;
		};
		F8FF7C4C2AC95C7200B27D3D /* ObjectMapper */ = {
			isa = XCSwiftPackageProductDependency;
			package = F8FF7C4B2AC95C7200B27D3D /* XCRemoteSwiftPackageReference "ObjectMapper" */;
			productName = ObjectMapper;
		};
		F8FF7C4F2AC95C9F00B27D3D /* Alamofire */ = {
			isa = XCSwiftPackageProductDependency;
			package = F8FF7C4E2AC95C9F00B27D3D /* XCRemoteSwiftPackageReference "Alamofire" */;
			productName = Alamofire;
		};
/* End XCSwiftPackageProductDependency section */
	};
	rootObject = F8206B7C2A92FD87006B728B /* Project object */;
}
